
Microsoft Visual Studio Solution File, Format Version 12.00
# Visual Studio Version 17
VisualStudioVersion = 17.7.34031.279
MinimumVisualStudioVersion = 10.0.40219.1
Project("{FAE04EC0-301F-11D3-BF4B-00C04F79EFBC}") = "InterfaceClassExample", "InterfaceClassExample.csproj", "{4DB52FF0-52B6-4360-AB54-7B85ABC82065}"
EndProject
Global
	GlobalSection(SolutionConfigurationPlatforms) = preSolution
		Debug|Any CPU = Debug|Any CPU
		Release|Any CPU = Release|Any CPU
	EndGlobalSection
	GlobalSection(ProjectConfigurationPlatforms) = postSolution
		{4DB52FF0-52B6-4360-AB54-7B85ABC82065}.Debug|Any CPU.ActiveCfg = Debug|Any CPU
		{4DB52FF0-52B6-4360-AB54-7B85ABC82065}.Debug|Any CPU.Build.0 = Debug|Any CPU
		{4DB52FF0-52B6-4360-AB54-7B85ABC82065}.Release|Any CPU.ActiveCfg = Release|Any CPU
		{4DB52FF0-52B6-4360-AB54-7B85ABC82065}.Release|Any CPU.Build.0 = Release|Any CPU
	EndGlobalSection
	GlobalSection(SolutionProperties) = preSolution
		HideSolutionNode = FALSE
	EndGlobalSection
	GlobalSection(ExtensibilityGlobals) = postSolution
		SolutionGuid = {E5E5759C-3DE6-4299-97EF-BD1C12E55112}
	EndGlobalSection
EndGlobal
